<?xml version="1.0" encoding="utf-8"?>
<Project ToolsVersion="4.0" xmlns="http://schemas.microsoft.com/developer/msbuild/2003">
  <ItemGroup>
    <Filter Include="Source Files">
      <UniqueIdentifier>{4FC737F1-C7A5-4376-A066-2A32D752A2FF}</UniqueIdentifier>
      <Extensions>cpp;c;cc;cxx;def;odl;idl;hpj;bat;asm;asmx</Extensions>
    </Filter>
    <Filter Include="Header Files">
      <UniqueIdentifier>{93995380-89BD-4b04-88EB-625FBE52EBFB}</UniqueIdentifier>
      <Extensions>h;hh;hpp;hxx;hm;inl;inc;xsd</Extensions>
    </Filter>
    <Filter Include="Resource Files">
      <UniqueIdentifier>{67DA6AB6-F800-4c08-8B7A-83BB121AAD01}</UniqueIdentifier>
      <Extensions>rc;ico;cur;bmp;dlg;rc2;rct;bin;rgs;gif;jpg;jpeg;jpe;resx;tiff;tif;png;wav;mfcribbon-ms</Extensions>
    </Filter>
  </ItemGroup>
  <ItemGroup>
    <ClInclude Include="..\..\..\..\Ninja-Gaiden-NES\NinjaGaiden\GameComponents\Animation.h">
      <Filter>Header Files</Filter>
    </ClInclude>
    <ClInclude Include="..\..\..\..\Ninja-Gaiden-NES\NinjaGaiden\GameComponents\Constants.h">
      <Filter>Header Files</Filter>
    </ClInclude>
    <ClInclude Include="..\..\..\..\Ninja-Gaiden-NES\NinjaGaiden\GameComponents\Debug.h">
      <Filter>Header Files</Filter>
    </ClInclude>
    <ClInclude Include="..\..\..\..\Ninja-Gaiden-NES\NinjaGaiden\GameComponents\Game.h">
      <Filter>Header Files</Filter>
    </ClInclude>
    <ClInclude Include="..\..\..\..\Ninja-Gaiden-NES\NinjaGaiden\GameComponents\GameObject.h">
      <Filter>Header Files</Filter>
    </ClInclude>
    <ClInclude Include="..\..\..\..\Ninja-Gaiden-NES\NinjaGaiden\GameComponents\Graphics.h">
      <Filter>Header Files</Filter>
    </ClInclude>
    <ClInclude Include="..\..\..\..\Ninja-Gaiden-NES\NinjaGaiden\GameComponents\Keyboard.h">
      <Filter>Header Files</Filter>
    </ClInclude>
    <ClInclude Include="..\..\..\..\Ninja-Gaiden-NES\NinjaGaiden\GameComponents\resource.h">
      <Filter>Header Files</Filter>
    </ClInclude>
    <ClInclude Include="..\..\..\..\Ninja-Gaiden-NES\NinjaGaiden\GameComponents\Sprite.h">
      <Filter>Header Files</Filter>
    </ClInclude>
    <ClInclude Include="..\..\..\..\Ninja-Gaiden-NES\NinjaGaiden\GameComponents\TiledMap.h">
      <Filter>Header Files</Filter>
    </ClInclude>
    <ClInclude Include="..\..\..\..\Ninja-Gaiden-NES\NinjaGaiden\GameComponents\Viewport.h">
      <Filter>Header Files</Filter>
    </ClInclude>
    <ClInclude Include="..\..\..\..\Ninja-Gaiden-NES\NinjaGaiden\Ninja\AttackingState.h">
      <Filter>Header Files</Filter>
    </ClInclude>
    <ClInclude Include="..\..\..\..\Ninja-Gaiden-NES\NinjaGaiden\Ninja\CrouchingState.h">
      <Filter>Header Files</Filter>
    </ClInclude>
    <ClInclude Include="..\..\..\..\Ninja-Gaiden-NES\NinjaGaiden\Ninja\IdleState.h">
      <Filter>Header Files</Filter>
    </ClInclude>
    <ClInclude Include="..\..\..\..\Ninja-Gaiden-NES\NinjaGaiden\Ninja\JumpingState.h">
      <Filter>Header Files</Filter>
    </ClInclude>
    <ClInclude Include="..\..\..\..\Ninja-Gaiden-NES\NinjaGaiden\Ninja\Knife.h">
      <Filter>Header Files</Filter>
    </ClInclude>
    <ClInclude Include="..\..\..\..\Ninja-Gaiden-NES\NinjaGaiden\Ninja\Ninja.h">
      <Filter>Header Files</Filter>
    </ClInclude>
    <ClInclude Include="..\..\..\..\Ninja-Gaiden-NES\NinjaGaiden\Ninja\Simon.h">
      <Filter>Header Files</Filter>
    </ClInclude>
    <ClInclude Include="..\..\..\..\Ninja-Gaiden-NES\NinjaGaiden\Ninja\State.h">
      <Filter>Header Files</Filter>
    </ClInclude>
    <ClInclude Include="..\..\..\..\Ninja-Gaiden-NES\NinjaGaiden\Ninja\Subweapon.h">
      <Filter>Header Files</Filter>
    </ClInclude>
    <ClInclude Include="..\..\..\..\Ninja-Gaiden-NES\NinjaGaiden\Ninja\ThrowingState.h">
      <Filter>Header Files</Filter>
    </ClInclude>
    <ClInclude Include="..\..\..\..\Ninja-Gaiden-NES\NinjaGaiden\Ninja\WalkingState.h">
      <Filter>Header Files</Filter>
    </ClInclude>
    <ClInclude Include="..\..\..\..\Ninja-Gaiden-NES\NinjaGaiden\Ninja\Whip.h">
      <Filter>Header Files</Filter>
    </ClInclude>
  </ItemGroup>
  <ItemGroup>
    <ClCompile Include="..\..\..\..\Ninja-Gaiden-NES\NinjaGaiden\GameComponents\Animation.cpp">
      <Filter>Source Files</Filter>
    </ClCompile>
    <ClCompile Include="..\..\..\..\Ninja-Gaiden-NES\NinjaGaiden\GameComponents\Debug.cpp">
      <Filter>Source Files</Filter>
    </ClCompile>
    <ClCompile Include="..\..\..\..\Ninja-Gaiden-NES\NinjaGaiden\GameComponents\Game.cpp">
      <Filter>Source Files</Filter>
    </ClCompile>
    <ClCompile Include="..\..\..\..\Ninja-Gaiden-NES\NinjaGaiden\GameComponents\GameObject.cpp">
      <Filter>Source Files</Filter>
    </ClCompile>
    <ClCompile Include="..\..\..\..\Ninja-Gaiden-NES\NinjaGaiden\GameComponents\Graphics.cpp">
      <Filter>Source Files</Filter>
    </ClCompile>
    <ClCompile Include="..\..\..\..\Ninja-Gaiden-NES\NinjaGaiden\GameComponents\Keyboard.cpp">
      <Filter>Source Files</Filter>
    </ClCompile>
    <ClCompile Include="..\..\..\..\Ninja-Gaiden-NES\NinjaGaiden\GameComponents\Sprite.cpp">
      <Filter>Source Files</Filter>
    </ClCompile>
    <ClCompile Include="..\..\..\..\Ninja-Gaiden-NES\NinjaGaiden\GameComponents\TiledMap.cpp">
      <Filter>Source Files</Filter>
    </ClCompile>
    <ClCompile Include="..\..\..\..\Ninja-Gaiden-NES\NinjaGaiden\GameComponents\Viewport.cpp">
      <Filter>Source Files</Filter>
    </ClCompile>
    <ClCompile Include="..\..\..\..\Ninja-Gaiden-NES\NinjaGaiden\Ninja\AttackingState.cpp">
      <Filter>Source Files</Filter>
    </ClCompile>
    <ClCompile Include="..\..\..\..\Ninja-Gaiden-NES\NinjaGaiden\Ninja\CrouchingState.cpp">
      <Filter>Source Files</Filter>
    </ClCompile>
    <ClCompile Include="..\..\..\..\Ninja-Gaiden-NES\NinjaGaiden\Ninja\IdleState.cpp">
      <Filter>Source Files</Filter>
    </ClCompile>
    <ClCompile Include="..\..\..\..\Ninja-Gaiden-NES\NinjaGaiden\Ninja\JumpingState.cpp">
      <Filter>Source Files</Filter>
    </ClCompile>
    <ClCompile Include="..\..\..\..\Ninja-Gaiden-NES\NinjaGaiden\Ninja\Knife.cpp">
      <Filter>Source Files</Filter>
    </ClCompile>
    <ClCompile Include="..\..\..\..\Ninja-Gaiden-NES\NinjaGaiden\Ninja\Ninja.cpp">
      <Filter>Source Files</Filter>
    </ClCompile>
    <ClCompile Include="..\..\..\..\Ninja-Gaiden-NES\NinjaGaiden\Ninja\Simon.cpp">
      <Filter>Source Files</Filter>
    </ClCompile>
    <ClCompile Include="..\..\..\..\Ninja-Gaiden-NES\NinjaGaiden\Ninja\State.cpp">
      <Filter>Source Files</Filter>
    </ClCompile>
    <ClCompile Include="..\..\..\..\Ninja-Gaiden-NES\NinjaGaiden\Ninja\Subweapon.cpp">
      <Filter>Source Files</Filter>
    </ClCompile>
    <ClCompile Include="..\..\..\..\Ninja-Gaiden-NES\NinjaGaiden\Ninja\ThrowingState.cpp">
      <Filter>Source Files</Filter>
    </ClCompile>
    <ClCompile Include="..\..\..\..\Ninja-Gaiden-NES\NinjaGaiden\Ninja\WalkingState.cpp">
      <Filter>Source Files</Filter>
    </ClCompile>
    <ClCompile Include="..\..\..\..\Ninja-Gaiden-NES\NinjaGaiden\Ninja\Whip.cpp">
      <Filter>Source Files</Filter>
    </ClCompile>
    <ClCompile Include="..\..\..\..\Ninja-Gaiden-NES\NinjaGaiden\Main.cpp">
      <Filter>Source Files</Filter>
    </ClCompile>
  </ItemGroup>
</Project>